
Microsoft Visual Studio Solution File, Format Version 12.00
# Visual Studio Version 16
VisualStudioVersion = 16.0.32407.337
MinimumVisualStudioVersion = 10.0.40219.1
Project("{8BC9CEB8-8B4A-11D0-8D11-00A0C91BC942}") = "ct_freinds4Block", "ct_freinds4Block\ct_freinds4Block.vcxproj", "{0444A3CE-CFE8-4DF1-AEA6-B25151B29EBA}"
EndProject
Global
	GlobalSection(SolutionConfigurationPlatforms) = preSolution
		Debug|x64 = Debug|x64
		Debug|x86 = Debug|x86
		Release|x64 = Release|x64
		Release|x86 = Release|x86
	EndGlobalSection
	GlobalSection(ProjectConfigurationPlatforms) = postSolution
		{0444A3CE-CFE8-4DF1-AEA6-B25151B29EBA}.Debug|x64.ActiveCfg = Debug|x64
		{0444A3CE-CFE8-4DF1-AEA6-B25151B29EBA}.Debug|x64.Build.0 = Debug|x64
		{0444A3CE-CFE8-4DF1-AEA6-B25151B29EBA}.Debug|x86.ActiveCfg = Debug|Win32
		{0444A3CE-CFE8-4DF1-AEA6-B25151B29EBA}.Debug|x86.Build.0 = Debug|Win32
		{0444A3CE-CFE8-4DF1-AEA6-B25151B29EBA}.Release|x64.ActiveCfg = Release|x64
		{0444A3CE-CFE8-4DF1-AEA6-B25151B29EBA}.Release|x64.Build.0 = Release|x64
		{0444A3CE-CFE8-4DF1-AEA6-B25151B29EBA}.Release|x86.ActiveCfg = Release|Win32
		{0444A3CE-CFE8-4DF1-AEA6-B25151B29EBA}.Release|x86.Build.0 = Release|Win32
	EndGlobalSection
	GlobalSection(SolutionProperties) = preSolution
		HideSolutionNode = FALSE
	EndGlobalSection
	GlobalSection(ExtensibilityGlobals) = postSolution
		SolutionGuid = {7A0FAAC4-7C10-441D-8625-6AB5E0B69420}
	EndGlobalSection
EndGlobal
