
Microsoft Visual Studio Solution File, Format Version 12.00
# Visual Studio Version 16
VisualStudioVersion = 16.0.32228.343
MinimumVisualStudioVersion = 10.0.40219.1
Project("{8BC9CEB8-8B4A-11D0-8D11-00A0C91BC942}") = "카카오문제2번", "카카오문제2번\카카오문제2번.vcxproj", "{1033FDBA-2A80-47F5-93E5-0BF468BC2705}"
EndProject
Global
	GlobalSection(SolutionConfigurationPlatforms) = preSolution
		Debug|x64 = Debug|x64
		Debug|x86 = Debug|x86
		Release|x64 = Release|x64
		Release|x86 = Release|x86
	EndGlobalSection
	GlobalSection(ProjectConfigurationPlatforms) = postSolution
		{1033FDBA-2A80-47F5-93E5-0BF468BC2705}.Debug|x64.ActiveCfg = Debug|x64
		{1033FDBA-2A80-47F5-93E5-0BF468BC2705}.Debug|x64.Build.0 = Debug|x64
		{1033FDBA-2A80-47F5-93E5-0BF468BC2705}.Debug|x86.ActiveCfg = Debug|Win32
		{1033FDBA-2A80-47F5-93E5-0BF468BC2705}.Debug|x86.Build.0 = Debug|Win32
		{1033FDBA-2A80-47F5-93E5-0BF468BC2705}.Release|x64.ActiveCfg = Release|x64
		{1033FDBA-2A80-47F5-93E5-0BF468BC2705}.Release|x64.Build.0 = Release|x64
		{1033FDBA-2A80-47F5-93E5-0BF468BC2705}.Release|x86.ActiveCfg = Release|Win32
		{1033FDBA-2A80-47F5-93E5-0BF468BC2705}.Release|x86.Build.0 = Release|Win32
	EndGlobalSection
	GlobalSection(SolutionProperties) = preSolution
		HideSolutionNode = FALSE
	EndGlobalSection
	GlobalSection(ExtensibilityGlobals) = postSolution
		SolutionGuid = {A0038045-F170-496F-9932-2873C98048BB}
	EndGlobalSection
EndGlobal
